// !$*UTF8*$!
{
	archiveVersion = 1;
	classes = {
	};
	objectVersion = 50;
	objects = {

/* Begin PBXBuildFile section */
		5D042E5028C5560200EE1D5F /* AppDelegate.swift in Sources */ = {isa = PBXBuildFile; fileRef = 5D042E4F28C5560200EE1D5F /* AppDelegate.swift */; };
		5D042E5228C5560200EE1D5F /* SceneDelegate.swift in Sources */ = {isa = PBXBuildFile; fileRef = 5D042E5128C5560200EE1D5F /* SceneDelegate.swift */; };
		5D042E5428C5560200EE1D5F /* ViewController.swift in Sources */ = {isa = PBXBuildFile; fileRef = 5D042E5328C5560200EE1D5F /* ViewController.swift */; };
		5D042E5728C5560200EE1D5F /* Main.storyboard in Resources */ = {isa = PBXBuildFile; fileRef = 5D042E5528C5560200EE1D5F /* Main.storyboard */; };
		5D042E5A28C5560200EE1D5F /* SimpleCoreData.xcdatamodeld in Sources */ = {isa = PBXBuildFile; fileRef = 5D042E5828C5560200EE1D5F /* SimpleCoreData.xcdatamodeld */; };
		5D042E5C28C5561500EE1D5F /* Assets.xcassets in Resources */ = {isa = PBXBuildFile; fileRef = 5D042E5B28C5561500EE1D5F /* Assets.xcassets */; };
		5D042E5F28C5561500EE1D5F /* LaunchScreen.storyboard in Resources */ = {isa = PBXBuildFile; fileRef = 5D042E5D28C5561500EE1D5F /* LaunchScreen.storyboard */; };
/* End PBXBuildFile section */

/* Begin PBXFileReference section */
		5D042E4C28C5560200EE1D5F /* SimpleCoreData.app */ = {isa = PBXFileReference; explicitFileType = wrapper.application; includeInIndex = 0; path = SimpleCoreData.app; sourceTree = BUILT_PRODUCTS_DIR; };
		5D042E4F28C5560200EE1D5F /* AppDelegate.swift */ = {isa = PBXFileReference; lastKnownFileType = sourcecode.swift; path = AppDelegate.swift; sourceTree = "<group>"; };
		5D042E5128C5560200EE1D5F /* SceneDelegate.swift */ = {isa = PBXFileReference; lastKnownFileType = sourcecode.swift; path = SceneDelegate.swift; sourceTree = "<group>"; };
		5D042E5328C5560200EE1D5F /* ViewController.swift */ = {isa = PBXFileReference; lastKnownFileType = sourcecode.swift; path = ViewController.swift; sourceTree = "<group>"; };
		5D042E5628C5560200EE1D5F /* Base */ = {isa = PBXFileReference; lastKnownFileType = file.storyboard; name = Base; path = Base.lproj/Main.storyboard; sourceTree = "<group>"; };
		5D042E5928C5560200EE1D5F /* SimpleCoreData.xcdatamodel */ = {isa = PBXFileReference; lastKnownFileType = wrapper.xcdatamodel; path = SimpleCoreData.xcdatamodel; sourceTree = "<group>"; };
		5D042E5B28C5561500EE1D5F /* Assets.xcassets */ = {isa = PBXFileReference; lastKnownFileType = folder.assetcatalog; path = Assets.xcassets; sourceTree = "<group>"; };
		5D042E5E28C5561500EE1D5F /* Base */ = {isa = PBXFileReference; lastKnownFileType = file.storyboard; name = Base; path = Base.lproj/LaunchScreen.storyboard; sourceTree = "<group>"; };
		5D042E6028C5561500EE1D5F /* Info.plist */ = {isa = PBXFileReference; lastKnownFileType = text.plist.xml; path = Info.plist; sourceTree = "<group>"; };
/* End PBXFileReference section */

/* Begin PBXFrameworksBuildPhase section */
		5D042E4928C5560200EE1D5F /* Frameworks */ = {
			isa = PBXFrameworksBuildPhase;
			buildActionMask = 2147483647;
			files = (
			);
			runOnlyForDeploymentPostprocessing = 0;
		};
/* End PBXFrameworksBuildPhase section */

/* Begin PBXGroup section */
		5D042E4328C5560200EE1D5F = {
			isa = PBXGroup;
			children = (
				5D042E4E28C5560200EE1D5F /* SimpleCoreData */,
				5D042E4D28C5560200EE1D5F /* Products */,
			);
			sourceTree = "<group>";
		};
		5D042E4D28C5560200EE1D5F /* Products */ = {
			isa = PBXGroup;
			children = (
				5D042E4C28C5560200EE1D5F /* SimpleCoreData.app */,
			);
			name = Products;
			sourceTree = "<group>";
		};
		5D042E4E28C5560200EE1D5F /* SimpleCoreData */ = {
			isa = PBXGroup;
			children = (
				5D042E4F28C5560200EE1D5F /* AppDelegate.swift */,
				5D042E5128C5560200EE1D5F /* SceneDelegate.swift */,
				5D042E5328C5560200EE1D5F /* ViewController.swift */,
				5D042E5528C5560200EE1D5F /* Main.storyboard */,
				5D042E5B28C5561500EE1D5F /* Assets.xcassets */,
				5D042E5D28C5561500EE1D5F /* LaunchScreen.storyboard */,
				5D042E6028C5561500EE1D5F /* Info.plist */,
				5D042E5828C5560200EE1D5F /* SimpleCoreData.xcdatamodeld */,
			);
			path = SimpleCoreData;
			sourceTree = "<group>";
		};
/* End PBXGroup section */

/* Begin PBXNativeTarget section */
		5D042E4B28C5560200EE1D5F /* SimpleCoreData */ = {
			isa = PBXNativeTarget;
			buildConfigurationList = 5D042E6328C5561500EE1D5F /* Build configuration list for PBXNativeTarget "SimpleCoreData" */;
			buildPhases = (
				5D042E4828C5560200EE1D5F /* Sources */,
				5D042E4928C5560200EE1D5F /* Frameworks */,
				5D042E4A28C5560200EE1D5F /* Resources */,
			);
			buildRules = (
			);
			dependencies = (
			);
			name = SimpleCoreData;
			productName = SimpleCoreData;
			productReference = 5D042E4C28C5560200EE1D5F /* SimpleCoreData.app */;
			productType = "com.apple.product-type.application";
		};
/* End PBXNativeTarget section */

/* Begin PBXProject section */
		5D042E4428C5560200EE1D5F /* Project object */ = {
			isa = PBXProject;
			attributes = {
				LastSwiftUpdateCheck = 1230;
				LastUpgradeCheck = 1230;
				TargetAttributes = {
					5D042E4B28C5560200EE1D5F = {
						CreatedOnToolsVersion = 12.3;
					};
				};
			};
			buildConfigurationList = 5D042E4728C5560200EE1D5F /* Build configuration list for PBXProject "SimpleCoreData" */;
			compatibilityVersion = "Xcode 9.3";
			developmentRegion = en;
			hasScannedForEncodings = 0;
			knownRegions = (
				en,
				Base,
			);
			mainGroup = 5D042E4328C5560200EE1D5F;
			productRefGroup = 5D042E4D28C5560200EE1D5F /* Products */;
			projectDirPath = "";
			projectRoot = "";
			targets = (
				5D042E4B28C5560200EE1D5F /* SimpleCoreData */,
			);
		};
/* End PBXProject section */

/* Begin PBXResourcesBuildPhase section */
		5D042E4A28C5560200EE1D5F /* Resources */ = {
			isa = PBXResourcesBuildPhase;
			buildActionMask = 2147483647;
			files = (
				5D042E5F28C5561500EE1D5F /* LaunchScreen.storyboard in Resources */,
				5D042E5C28C5561500EE1D5F /* Assets.xcassets in Resources */,
				5D042E5728C5560200EE1D5F /* Main.storyboard in Resources */,
			);
			runOnlyForDeploymentPostprocessing = 0;
		};
/* End PBXResourcesBuildPhase section */

/* Begin PBXSourcesBuildPhase section */
		5D042E4828C5560200EE1D5F /* Sources */ = {
			isa = PBXSourcesBuildPhase;
			buildActionMask = 2147483647;
			files = (
				5D042E5A28C5560200EE1D5F /* SimpleCoreData.xcdatamodeld in Sources */,
				5D042E5428C5560200EE1D5F /* ViewController.swift in Sources */,
				5D042E5028C5560200EE1D5F /* AppDelegate.swift in Sources */,
				5D042E5228C5560200EE1D5F /* SceneDelegate.swift in Sources */,
			);
			runOnlyForDeploymentPostprocessing = 0;
		};
/* End PBXSourcesBuildPhase section */

/* Begin PBXVariantGroup section */
		5D042E5528C5560200EE1D5F /* Main.storyboard */ = {
			isa = PBXVariantGroup;
			children = (
				5D042E5628C5560200EE1D5F /* Base */,
			);
			name = Main.storyboard;
			sourceTree = "<group>";
		};
		5D042E5D28C5561500EE1D5F /* LaunchScreen.storyboard */ = {
			isa = PBXVariantGroup;
			children = (
				5D042E5E28C5561500EE1D5F /* Base */,
			);
			name = LaunchScreen.storyboard;
			sourceTree = "<group>";
		};
/* End PBXVariantGroup section */

/* Begin XCBuildConfiguration section */
		5D042E6128C5561500EE1D5F /* Debug */ = {
			isa = XCBuildConfiguration;
			buildSettings = {
				ALWAYS_SEARCH_USER_PATHS = NO;
				CLANG_ANALYZER_NONNULL = YES;
				CLANG_ANALYZER_NUMBER_OBJECT_CONVERSION = YES_AGGRESSIVE;
				CLANG_CXX_LANGUAGE_STANDARD = "gnu++14";
				CLANG_CXX_LIBRARY = "libc++";
				CLANG_ENABLE_MODULES = YES;
				CLANG_ENABLE_OBJC_ARC = YES;
				CLANG_ENABLE_OBJC_WEAK = YES;
				CLANG_WARN_BLOCK_CAPTURE_AUTORELEASING = YES;
				CLANG_WARN_BOOL_CONVERSION = YES;
				CLANG_WARN_COMMA = YES;
				CLANG_WARN_CONSTANT_CONVERSION = YES;
				CLANG_WARN_DEPRECATED_OBJC_IMPLEMENTATIONS = YES;
				CLANG_WARN_DIRECT_OBJC_ISA_USAGE = YES_ERROR;
				CLANG_WARN_DOCUMENTATION_COMMENTS = YES;
				CLANG_WARN_EMPTY_BODY = YES;
				CLANG_WARN_ENUM_CONVERSION = YES;
				CLANG_WARN_INFINITE_RECURSION = YES;
				CLANG_WARN_INT_CONVERSION = YES;
				CLANG_WARN_NON_LITERAL_NULL_CONVERSION = YES;
				CLANG_WARN_OBJC_IMPLICIT_RETAIN_SELF = YES;
				CLANG_WARN_OBJC_LITERAL_CONVERSION = YES;
				CLANG_WARN_OBJC_ROOT_CLASS = YES_ERROR;
				CLANG_WARN_QUOTED_INCLUDE_IN_FRAMEWORK_HEADER = YES;
				CLANG_WARN_RANGE_LOOP_ANALYSIS = YES;
				CLANG_WARN_STRICT_PROTOTYPES = YES;
				CLANG_WARN_SUSPICIOUS_MOVE = YES;
				CLANG_WARN_UNGUARDED_AVAILABILITY = YES_AGGRESSIVE;
				CLANG_WARN_UNREACHABLE_CODE = YES;
				CLANG_WARN__DUPLICATE_METHOD_MATCH = YES;
				COPY_PHASE_STRIP = NO;
				DEBUG_INFORMATION_FORMAT = dwarf;
				ENABLE_STRICT_OBJC_MSGSEND = YES;
				ENABLE_TESTABILITY = YES;
				GCC_C_LANGUAGE_STANDARD = gnu11;
				GCC_DYNAMIC_NO_PIC = NO;
				GCC_NO_COMMON_BLOCKS = YES;
				GCC_OPTIMIZATION_LEVEL = 0;
				GCC_PREPROCESSOR_DEFINITIONS = (
					"DEBUG=1",
					"$(inherited)",
				);
				GCC_WARN_64_TO_32_BIT_CONVERSION = YES;
				GCC_WARN_ABOUT_RETURN_TYPE = YES_ERROR;
				GCC_WARN_UNDECLARED_SELECTOR = YES;
				GCC_WARN_UNINITIALIZED_AUTOS = YES_AGGRESSIVE;
				GCC_WARN_UNUSED_FUNCTION = YES;
				GCC_WARN_UNUSED_VARIABLE = YES;
				IPHONEOS_DEPLOYMENT_TARGET = 14.3;
				MTL_ENABLE_DEBUG_INFO = INCLUDE_SOURCE;
				MTL_FAST_MATH = YES;
				ONLY_ACTIVE_ARCH = YES;
				SDKROOT = iphoneos;
				SWIFT_ACTIVE_COMPILATION_CONDITIONS = DEBUG;
				SWIFT_OPTIMIZATION_LEVEL = "-Onone";
			};
			name = Debug;
		};
		5D042E6228C5561500EE1D5F /* Release */ = {
			isa = XCBuildConfiguration;
			buildSettings = {
				ALWAYS_SEARCH_USER_PATHS = NO;
				CLANG_ANALYZER_NONNULL = YES;
				CLANG_ANALYZER_NUMBER_OBJECT_CONVERSION = YES_AGGRESSIVE;
				CLANG_CXX_LANGUAGE_STANDARD = "gnu++14";
				CLANG_CXX_LIBRARY = "libc++";
				CLANG_ENABLE_MODULES = YES;
				CLANG_ENABLE_OBJC_ARC = YES;
				CLANG_ENABLE_OBJC_WEAK = YES;
				CLANG_WARN_BLOCK_CAPTURE_AUTORELEASING = YES;
				CLANG_WARN_BOOL_CONVERSION = YES;
				CLANG_WARN_COMMA = YES;
				CLANG_WARN_CONSTANT_CONVERSION = YES;
				CLANG_WARN_DEPRECATED_OBJC_IMPLEMENTATIONS = YES;
				CLANG_WARN_DIRECT_OBJC_ISA_USAGE = YES_ERROR;
				CLANG_WARN_DOCUMENTATION_COMMENTS = YES;
				CLANG_WARN_EMPTY_BODY = YES;
				CLANG_WARN_ENUM_CONVERSION = YES;
				CLANG_WARN_INFINITE_RECURSION = YES;
				CLANG_WARN_INT_CONVERSION = YES;
				CLANG_WARN_NON_LITERAL_NULL_CONVERSION = YES;
				CLANG_WARN_OBJC_IMPLICIT_RETAIN_SELF = YES;
				CLANG_WARN_OBJC_LITERAL_CONVERSION = YES;
				CLANG_WARN_OBJC_ROOT_CLASS = YES_ERROR;
				CLANG_WARN_QUOTED_INCLUDE_IN_FRAMEWORK_HEADER = YES;
				CLANG_WARN_RANGE_LOOP_ANALYSIS = YES;
				CLANG_WARN_STRICT_PROTOTYPES = YES;
				CLANG_WARN_SUSPICIOUS_MOVE = YES;
				CLANG_WARN_UNGUARDED_AVAILABILITY = YES_AGGRESSIVE;
				CLANG_WARN_UNREACHABLE_CODE = YES;
				CLANG_WARN__DUPLICATE_METHOD_MATCH = YES;
				COPY_PHASE_STRIP = NO;
				DEBUG_INFORMATION_FORMAT = "dwarf-with-dsym";
				ENABLE_NS_ASSERTIONS = NO;
				ENABLE_STRICT_OBJC_MSGSEND = YES;
				GCC_C_LANGUAGE_STANDARD = gnu11;
				GCC_NO_COMMON_BLOCKS = YES;
				GCC_WARN_64_TO_32_BIT_CONVERSION = YES;
				GCC_WARN_ABOUT_RETURN_TYPE = YES_ERROR;
				GCC_WARN_UNDECLARED_SELECTOR = YES;
				GCC_WARN_UNINITIALIZED_AUTOS = YES_AGGRESSIVE;
				GCC_WARN_UNUSED_FUNCTION = YES;
				GCC_WARN_UNUSED_VARIABLE = YES;
				IPHONEOS_DEPLOYMENT_TARGET = 14.3;
				MTL_ENABLE_DEBUG_INFO = NO;
				MTL_FAST_MATH = YES;
				SDKROOT = iphoneos;
				SWIFT_COMPILATION_MODE = wholemodule;
				SWIFT_OPTIMIZATION_LEVEL = "-O";
				VALIDATE_PRODUCT = YES;
			};
			name = Release;
		};
		5D042E6428C5561500EE1D5F /* Debug */ = {
			isa = XCBuildConfiguration;
			buildSettings = {
				ASSETCATALOG_COMPILER_APPICON_NAME = AppIcon;
				ASSETCATALOG_COMPILER_GLOBAL_ACCENT_COLOR_NAME = AccentColor;
				CODE_SIGN_STYLE = Automatic;
				DEVELOPMENT_TEAM = 3B7FASUTN7;
				INFOPLIST_FILE = SimpleCoreData/Info.plist;
				LD_RUNPATH_SEARCH_PATHS = (
					"$(inherited)",
					"@executable_path/Frameworks",
				);
				PRODUCT_BUNDLE_IDENTIFIER = com.rehan.SimpleCoreData;
				PRODUCT_NAME = "$(TARGET_NAME)";
				SWIFT_VERSION = 5.0;
				TARGETED_DEVICE_FAMILY = "1,2";
			};
			name = Debug;
		};
		5D042E6528C5561500EE1D5F /* Release */ = {
			isa = XCBuildConfiguration;
			buildSettings = {
				ASSETCATALOG_COMPILER_APPICON_NAME = AppIcon;
				ASSETCATALOG_COMPILER_GLOBAL_ACCENT_COLOR_NAME = AccentColor;
				CODE_SIGN_STYLE = Automatic;
				DEVELOPMENT_TEAM = 3B7FASUTN7;
				INFOPLIST_FILE = SimpleCoreData/Info.plist;
				LD_RUNPATH_SEARCH_PATHS = (
					"$(inherited)",
					"@executable_path/Frameworks",
				);
				PRODUCT_BUNDLE_IDENTIFIER = com.rehan.SimpleCoreData;
				PRODUCT_NAME = "$(TARGET_NAME)";
				SWIFT_VERSION = 5.0;
				TARGETED_DEVICE_FAMILY = "1,2";
			};
			name = Release;
		};
/* End XCBuildConfiguration section */

/* Begin XCConfigurationList section */
		5D042E4728C5560200EE1D5F /* Build configuration list for PBXProject "SimpleCoreData" */ = {
			isa = XCConfigurationList;
			buildConfigurations = (
				5D042E6128C5561500EE1D5F /* Debug */,
				5D042E6228C5561500EE1D5F /* Release */,
			);
			defaultConfigurationIsVisible = 0;
			defaultConfigurationName = Release;
		};
		5D042E6328C5561500EE1D5F /* Build configuration list for PBXNativeTarget "SimpleCoreData" */ = {
			isa = XCConfigurationList;
			buildConfigurations = (
				5D042E6428C5561500EE1D5F /* Debug */,
				5D042E6528C5561500EE1D5F /* Release */,
			);
			defaultConfigurationIsVisible = 0;
			defaultConfigurationName = Release;
		};
/* End XCConfigurationList section */

/* Begin XCVersionGroup section */
		5D042E5828C5560200EE1D5F /* SimpleCoreData.xcdatamodeld */ = {
			isa = XCVersionGroup;
			children = (
				5D042E5928C5560200EE1D5F /* SimpleCoreData.xcdatamodel */,
			);
			currentVersion = 5D042E5928C5560200EE1D5F /* SimpleCoreData.xcdatamodel */;
			path = SimpleCoreData.xcdatamodeld;
			sourceTree = "<group>";
			versionGroupType = wrapper.xcdatamodel;
		};
/* End XCVersionGroup section */
	};
	rootObject = 5D042E4428C5560200EE1D5F /* Project object */;
}
